
Microsoft Visual Studio Solution File, Format Version 12.00
# Visual Studio Version 17
VisualStudioVersion = 17.0.31912.275
MinimumVisualStudioVersion = 10.0.40219.1
Project("{FAE04EC0-301F-11D3-BF4B-00C04F79EFBC}") = "BarIlanUniversity", "BarIlanUniversity\BarIlanUniversity.csproj", "{A6E51C54-674F-4B1A-B5D4-810F7A32499F}"
EndProject
Global
	GlobalSection(SolutionConfigurationPlatforms) = preSolution
		Debug|Any CPU = Debug|Any CPU
		Release|Any CPU = Release|Any CPU
	EndGlobalSection
	GlobalSection(ProjectConfigurationPlatforms) = postSolution
		{A6E51C54-674F-4B1A-B5D4-810F7A32499F}.Debug|Any CPU.ActiveCfg = Debug|Any CPU
		{A6E51C54-674F-4B1A-B5D4-810F7A32499F}.Debug|Any CPU.Build.0 = Debug|Any CPU
		{A6E51C54-674F-4B1A-B5D4-810F7A32499F}.Release|Any CPU.ActiveCfg = Release|Any CPU
		{A6E51C54-674F-4B1A-B5D4-810F7A32499F}.Release|Any CPU.Build.0 = Release|Any CPU
	EndGlobalSection
	GlobalSection(SolutionProperties) = preSolution
		HideSolutionNode = FALSE
	EndGlobalSection
	GlobalSection(ExtensibilityGlobals) = postSolution
		SolutionGuid = {C35C075A-FF03-4AA1-983A-F27C027196E7}
	EndGlobalSection
EndGlobal
